
Microsoft Visual Studio Solution File, Format Version 12.00
# Visual Studio 2013
VisualStudioVersion = 12.0.31101.0
MinimumVisualStudioVersion = 10.0.40219.1
Project("{FAE04EC0-301F-11D3-BF4B-00C04F79EFBC}") = "dr2 - unit testovi", "dr2 - unit testovi\dr2 - unit testovi.csproj", "{92DF7FAC-03E6-4B87-B381-9C629C03BE0E}"
EndProject
Project("{FAE04EC0-301F-11D3-BF4B-00C04F79EFBC}") = "UnitTest", "UnitTest\UnitTest.csproj", "{27A99A53-E444-489B-85B3-179507749C9F}"
EndProject
Global
	GlobalSection(SolutionConfigurationPlatforms) = preSolution
		Debug|Any CPU = Debug|Any CPU
		Release|Any CPU = Release|Any CPU
	EndGlobalSection
	GlobalSection(ProjectConfigurationPlatforms) = postSolution
		{92DF7FAC-03E6-4B87-B381-9C629C03BE0E}.Debug|Any CPU.ActiveCfg = Debug|Any CPU
		{92DF7FAC-03E6-4B87-B381-9C629C03BE0E}.Debug|Any CPU.Build.0 = Debug|Any CPU
		{92DF7FAC-03E6-4B87-B381-9C629C03BE0E}.Release|Any CPU.ActiveCfg = Release|Any CPU
		{92DF7FAC-03E6-4B87-B381-9C629C03BE0E}.Release|Any CPU.Build.0 = Release|Any CPU
		{27A99A53-E444-489B-85B3-179507749C9F}.Debug|Any CPU.ActiveCfg = Debug|Any CPU
		{27A99A53-E444-489B-85B3-179507749C9F}.Debug|Any CPU.Build.0 = Debug|Any CPU
		{27A99A53-E444-489B-85B3-179507749C9F}.Release|Any CPU.ActiveCfg = Release|Any CPU
		{27A99A53-E444-489B-85B3-179507749C9F}.Release|Any CPU.Build.0 = Release|Any CPU
	EndGlobalSection
	GlobalSection(SolutionProperties) = preSolution
		HideSolutionNode = FALSE
	EndGlobalSection
EndGlobal
